
Microsoft Visual Studio Solution File, Format Version 12.00
# Visual Studio Version 16
VisualStudioVersion = 16.0.808.10
MinimumVisualStudioVersion = 10.0.40219.1
Project("{FAE04EC0-301F-11D3-BF4B-00C04F79EFBC}") = "Entities", "Entities\Entities.csproj", "{0A9A6290-0FD1-4EA1-A5D0-B65785E53371}"
EndProject
Project("{FAE04EC0-301F-11D3-BF4B-00C04F79EFBC}") = "UseCases", "UseCases\UseCases.csproj", "{C607E625-B282-4967-BFDF-4608582032D5}"
EndProject
Project("{FAE04EC0-301F-11D3-BF4B-00C04F79EFBC}") = "InkedUpMobile.Android", "InkedUpMobile.Android\InkedUpMobile.Android.csproj", "{A550C17B-B7A2-49D6-BF8A-FABA1243C8CB}"
EndProject
Project("{FAE04EC0-301F-11D3-BF4B-00C04F79EFBC}") = "InkedUpMobile.iOS", "InkedUpMobile.iOS\InkedUpMobile.iOS.csproj", "{11E52FA3-08C7-4CC1-80EB-DEFDB70D7A18}"
EndProject
Project("{FAE04EC0-301F-11D3-BF4B-00C04F79EFBC}") = "InkedUpMobile", "InkedUpMobile\InkedUpMobile.csproj", "{D1972A94-4A7E-483D-A055-0DE8EC7D0C2B}"
EndProject
Project("{FAE04EC0-301F-11D3-BF4B-00C04F79EFBC}") = "StorageSqlite", "StorageSqlite\StorageSqlite.csproj", "{A4229221-1D36-4346-8EA4-858F9472DD0F}"
EndProject
Project("{FAE04EC0-301F-11D3-BF4B-00C04F79EFBC}") = "UseCasesShared", "UseCasesShared\UseCasesShared.csproj", "{7B8824E8-CEA2-433C-BC01-636CE2DAB65C}"
EndProject
Project("{FAE04EC0-301F-11D3-BF4B-00C04F79EFBC}") = "Adapters", "Adapters\Adapters.csproj", "{50898FD4-C49D-4A5F-B57E-317C496D9318}"
EndProject
Global
	GlobalSection(SolutionConfigurationPlatforms) = preSolution
		Debug|Any CPU = Debug|Any CPU
		Release|Any CPU = Release|Any CPU
		Debug|iPhoneSimulator = Debug|iPhoneSimulator
		Release|iPhoneSimulator = Release|iPhoneSimulator
		Debug|iPhone = Debug|iPhone
		Release|iPhone = Release|iPhone
	EndGlobalSection
	GlobalSection(ProjectConfigurationPlatforms) = postSolution
		{0A9A6290-0FD1-4EA1-A5D0-B65785E53371}.Debug|Any CPU.ActiveCfg = Debug|Any CPU
		{0A9A6290-0FD1-4EA1-A5D0-B65785E53371}.Debug|Any CPU.Build.0 = Debug|Any CPU
		{0A9A6290-0FD1-4EA1-A5D0-B65785E53371}.Release|Any CPU.ActiveCfg = Release|Any CPU
		{0A9A6290-0FD1-4EA1-A5D0-B65785E53371}.Release|Any CPU.Build.0 = Release|Any CPU
		{0A9A6290-0FD1-4EA1-A5D0-B65785E53371}.Debug|iPhoneSimulator.ActiveCfg = Debug|Any CPU
		{0A9A6290-0FD1-4EA1-A5D0-B65785E53371}.Debug|iPhoneSimulator.Build.0 = Debug|Any CPU
		{0A9A6290-0FD1-4EA1-A5D0-B65785E53371}.Release|iPhoneSimulator.ActiveCfg = Release|Any CPU
		{0A9A6290-0FD1-4EA1-A5D0-B65785E53371}.Release|iPhoneSimulator.Build.0 = Release|Any CPU
		{0A9A6290-0FD1-4EA1-A5D0-B65785E53371}.Debug|iPhone.ActiveCfg = Debug|Any CPU
		{0A9A6290-0FD1-4EA1-A5D0-B65785E53371}.Debug|iPhone.Build.0 = Debug|Any CPU
		{0A9A6290-0FD1-4EA1-A5D0-B65785E53371}.Release|iPhone.ActiveCfg = Release|Any CPU
		{0A9A6290-0FD1-4EA1-A5D0-B65785E53371}.Release|iPhone.Build.0 = Release|Any CPU
		{C607E625-B282-4967-BFDF-4608582032D5}.Debug|Any CPU.ActiveCfg = Debug|Any CPU
		{C607E625-B282-4967-BFDF-4608582032D5}.Debug|Any CPU.Build.0 = Debug|Any CPU
		{C607E625-B282-4967-BFDF-4608582032D5}.Release|Any CPU.ActiveCfg = Release|Any CPU
		{C607E625-B282-4967-BFDF-4608582032D5}.Release|Any CPU.Build.0 = Release|Any CPU
		{C607E625-B282-4967-BFDF-4608582032D5}.Debug|iPhoneSimulator.ActiveCfg = Debug|Any CPU
		{C607E625-B282-4967-BFDF-4608582032D5}.Debug|iPhoneSimulator.Build.0 = Debug|Any CPU
		{C607E625-B282-4967-BFDF-4608582032D5}.Release|iPhoneSimulator.ActiveCfg = Release|Any CPU
		{C607E625-B282-4967-BFDF-4608582032D5}.Release|iPhoneSimulator.Build.0 = Release|Any CPU
		{C607E625-B282-4967-BFDF-4608582032D5}.Debug|iPhone.ActiveCfg = Debug|Any CPU
		{C607E625-B282-4967-BFDF-4608582032D5}.Debug|iPhone.Build.0 = Debug|Any CPU
		{C607E625-B282-4967-BFDF-4608582032D5}.Release|iPhone.ActiveCfg = Release|Any CPU
		{C607E625-B282-4967-BFDF-4608582032D5}.Release|iPhone.Build.0 = Release|Any CPU
		{A550C17B-B7A2-49D6-BF8A-FABA1243C8CB}.Debug|Any CPU.ActiveCfg = Debug|Any CPU
		{A550C17B-B7A2-49D6-BF8A-FABA1243C8CB}.Debug|Any CPU.Build.0 = Debug|Any CPU
		{A550C17B-B7A2-49D6-BF8A-FABA1243C8CB}.Release|Any CPU.ActiveCfg = Release|Any CPU
		{A550C17B-B7A2-49D6-BF8A-FABA1243C8CB}.Release|Any CPU.Build.0 = Release|Any CPU
		{A550C17B-B7A2-49D6-BF8A-FABA1243C8CB}.Debug|iPhoneSimulator.ActiveCfg = Debug|Any CPU
		{A550C17B-B7A2-49D6-BF8A-FABA1243C8CB}.Debug|iPhoneSimulator.Build.0 = Debug|Any CPU
		{A550C17B-B7A2-49D6-BF8A-FABA1243C8CB}.Release|iPhoneSimulator.ActiveCfg = Release|Any CPU
		{A550C17B-B7A2-49D6-BF8A-FABA1243C8CB}.Release|iPhoneSimulator.Build.0 = Release|Any CPU
		{A550C17B-B7A2-49D6-BF8A-FABA1243C8CB}.Debug|iPhone.ActiveCfg = Debug|Any CPU
		{A550C17B-B7A2-49D6-BF8A-FABA1243C8CB}.Debug|iPhone.Build.0 = Debug|Any CPU
		{A550C17B-B7A2-49D6-BF8A-FABA1243C8CB}.Release|iPhone.ActiveCfg = Release|Any CPU
		{A550C17B-B7A2-49D6-BF8A-FABA1243C8CB}.Release|iPhone.Build.0 = Release|Any CPU
		{11E52FA3-08C7-4CC1-80EB-DEFDB70D7A18}.Debug|Any CPU.ActiveCfg = Debug|iPhoneSimulator
		{11E52FA3-08C7-4CC1-80EB-DEFDB70D7A18}.Debug|Any CPU.Build.0 = Debug|iPhoneSimulator
		{11E52FA3-08C7-4CC1-80EB-DEFDB70D7A18}.Release|Any CPU.ActiveCfg = Release|iPhoneSimulator
		{11E52FA3-08C7-4CC1-80EB-DEFDB70D7A18}.Release|Any CPU.Build.0 = Release|iPhoneSimulator
		{11E52FA3-08C7-4CC1-80EB-DEFDB70D7A18}.Debug|iPhoneSimulator.ActiveCfg = Debug|iPhoneSimulator
		{11E52FA3-08C7-4CC1-80EB-DEFDB70D7A18}.Debug|iPhoneSimulator.Build.0 = Debug|iPhoneSimulator
		{11E52FA3-08C7-4CC1-80EB-DEFDB70D7A18}.Release|iPhoneSimulator.ActiveCfg = Release|iPhoneSimulator
		{11E52FA3-08C7-4CC1-80EB-DEFDB70D7A18}.Release|iPhoneSimulator.Build.0 = Release|iPhoneSimulator
		{11E52FA3-08C7-4CC1-80EB-DEFDB70D7A18}.Debug|iPhone.ActiveCfg = Debug|iPhone
		{11E52FA3-08C7-4CC1-80EB-DEFDB70D7A18}.Debug|iPhone.Build.0 = Debug|iPhone
		{11E52FA3-08C7-4CC1-80EB-DEFDB70D7A18}.Release|iPhone.ActiveCfg = Release|iPhone
		{11E52FA3-08C7-4CC1-80EB-DEFDB70D7A18}.Release|iPhone.Build.0 = Release|iPhone
		{D1972A94-4A7E-483D-A055-0DE8EC7D0C2B}.Debug|Any CPU.ActiveCfg = Debug|Any CPU
		{D1972A94-4A7E-483D-A055-0DE8EC7D0C2B}.Debug|Any CPU.Build.0 = Debug|Any CPU
		{D1972A94-4A7E-483D-A055-0DE8EC7D0C2B}.Release|Any CPU.ActiveCfg = Release|Any CPU
		{D1972A94-4A7E-483D-A055-0DE8EC7D0C2B}.Release|Any CPU.Build.0 = Release|Any CPU
		{D1972A94-4A7E-483D-A055-0DE8EC7D0C2B}.Debug|iPhoneSimulator.ActiveCfg = Debug|Any CPU
		{D1972A94-4A7E-483D-A055-0DE8EC7D0C2B}.Debug|iPhoneSimulator.Build.0 = Debug|Any CPU
		{D1972A94-4A7E-483D-A055-0DE8EC7D0C2B}.Release|iPhoneSimulator.ActiveCfg = Release|Any CPU
		{D1972A94-4A7E-483D-A055-0DE8EC7D0C2B}.Release|iPhoneSimulator.Build.0 = Release|Any CPU
		{D1972A94-4A7E-483D-A055-0DE8EC7D0C2B}.Debug|iPhone.ActiveCfg = Debug|Any CPU
		{D1972A94-4A7E-483D-A055-0DE8EC7D0C2B}.Debug|iPhone.Build.0 = Debug|Any CPU
		{D1972A94-4A7E-483D-A055-0DE8EC7D0C2B}.Release|iPhone.ActiveCfg = Release|Any CPU
		{D1972A94-4A7E-483D-A055-0DE8EC7D0C2B}.Release|iPhone.Build.0 = Release|Any CPU
		{A4229221-1D36-4346-8EA4-858F9472DD0F}.Debug|Any CPU.ActiveCfg = Debug|Any CPU
		{A4229221-1D36-4346-8EA4-858F9472DD0F}.Debug|Any CPU.Build.0 = Debug|Any CPU
		{A4229221-1D36-4346-8EA4-858F9472DD0F}.Release|Any CPU.ActiveCfg = Release|Any CPU
		{A4229221-1D36-4346-8EA4-858F9472DD0F}.Release|Any CPU.Build.0 = Release|Any CPU
		{A4229221-1D36-4346-8EA4-858F9472DD0F}.Debug|iPhoneSimulator.ActiveCfg = Debug|Any CPU
		{A4229221-1D36-4346-8EA4-858F9472DD0F}.Debug|iPhoneSimulator.Build.0 = Debug|Any CPU
		{A4229221-1D36-4346-8EA4-858F9472DD0F}.Release|iPhoneSimulator.ActiveCfg = Release|Any CPU
		{A4229221-1D36-4346-8EA4-858F9472DD0F}.Release|iPhoneSimulator.Build.0 = Release|Any CPU
		{A4229221-1D36-4346-8EA4-858F9472DD0F}.Debug|iPhone.ActiveCfg = Debug|Any CPU
		{A4229221-1D36-4346-8EA4-858F9472DD0F}.Debug|iPhone.Build.0 = Debug|Any CPU
		{A4229221-1D36-4346-8EA4-858F9472DD0F}.Release|iPhone.ActiveCfg = Release|Any CPU
		{A4229221-1D36-4346-8EA4-858F9472DD0F}.Release|iPhone.Build.0 = Release|Any CPU
		{7B8824E8-CEA2-433C-BC01-636CE2DAB65C}.Debug|Any CPU.ActiveCfg = Debug|Any CPU
		{7B8824E8-CEA2-433C-BC01-636CE2DAB65C}.Debug|Any CPU.Build.0 = Debug|Any CPU
		{7B8824E8-CEA2-433C-BC01-636CE2DAB65C}.Release|Any CPU.ActiveCfg = Release|Any CPU
		{7B8824E8-CEA2-433C-BC01-636CE2DAB65C}.Release|Any CPU.Build.0 = Release|Any CPU
		{7B8824E8-CEA2-433C-BC01-636CE2DAB65C}.Debug|iPhoneSimulator.ActiveCfg = Debug|Any CPU
		{7B8824E8-CEA2-433C-BC01-636CE2DAB65C}.Debug|iPhoneSimulator.Build.0 = Debug|Any CPU
		{7B8824E8-CEA2-433C-BC01-636CE2DAB65C}.Release|iPhoneSimulator.ActiveCfg = Release|Any CPU
		{7B8824E8-CEA2-433C-BC01-636CE2DAB65C}.Release|iPhoneSimulator.Build.0 = Release|Any CPU
		{7B8824E8-CEA2-433C-BC01-636CE2DAB65C}.Debug|iPhone.ActiveCfg = Debug|Any CPU
		{7B8824E8-CEA2-433C-BC01-636CE2DAB65C}.Debug|iPhone.Build.0 = Debug|Any CPU
		{7B8824E8-CEA2-433C-BC01-636CE2DAB65C}.Release|iPhone.ActiveCfg = Release|Any CPU
		{7B8824E8-CEA2-433C-BC01-636CE2DAB65C}.Release|iPhone.Build.0 = Release|Any CPU
		{50898FD4-C49D-4A5F-B57E-317C496D9318}.Debug|Any CPU.ActiveCfg = Debug|Any CPU
		{50898FD4-C49D-4A5F-B57E-317C496D9318}.Debug|Any CPU.Build.0 = Debug|Any CPU
		{50898FD4-C49D-4A5F-B57E-317C496D9318}.Release|Any CPU.ActiveCfg = Release|Any CPU
		{50898FD4-C49D-4A5F-B57E-317C496D9318}.Release|Any CPU.Build.0 = Release|Any CPU
		{50898FD4-C49D-4A5F-B57E-317C496D9318}.Debug|iPhoneSimulator.ActiveCfg = Debug|Any CPU
		{50898FD4-C49D-4A5F-B57E-317C496D9318}.Debug|iPhoneSimulator.Build.0 = Debug|Any CPU
		{50898FD4-C49D-4A5F-B57E-317C496D9318}.Release|iPhoneSimulator.ActiveCfg = Release|Any CPU
		{50898FD4-C49D-4A5F-B57E-317C496D9318}.Release|iPhoneSimulator.Build.0 = Release|Any CPU
		{50898FD4-C49D-4A5F-B57E-317C496D9318}.Debug|iPhone.ActiveCfg = Debug|Any CPU
		{50898FD4-C49D-4A5F-B57E-317C496D9318}.Debug|iPhone.Build.0 = Debug|Any CPU
		{50898FD4-C49D-4A5F-B57E-317C496D9318}.Release|iPhone.ActiveCfg = Release|Any CPU
		{50898FD4-C49D-4A5F-B57E-317C496D9318}.Release|iPhone.Build.0 = Release|Any CPU
	EndGlobalSection
	GlobalSection(SolutionProperties) = preSolution
		HideSolutionNode = FALSE
	EndGlobalSection
	GlobalSection(ExtensibilityGlobals) = postSolution
		SolutionGuid = {DF3C2735-8094-411C-A2BA-1DF3DB3DA00F}
	EndGlobalSection
	GlobalSection(NestedProjects) = preSolution
	EndGlobalSection
EndGlobal
